// !$*UTF8*$!
{
	archiveVersion = 1;
	classes = {
	};
	objectVersion = 56;
	objects = {

/* Begin PBXBuildFile section */
		D44A222A2CBEDEF600E8D847 /* ChattAppProjectApp.swift in Sources */ = {isa = PBXBuildFile; fileRef = D44A22292CBEDEF600E8D847 /* ChattAppProjectApp.swift */; };
		D44A222C2CBEDEF600E8D847 /* LoginView.swift in Sources */ = {isa = PBXBuildFile; fileRef = D44A222B2CBEDEF600E8D847 /* LoginView.swift */; };
		D44A222E2CBEDEF900E8D847 /* Assets.xcassets in Resources */ = {isa = PBXBuildFile; fileRef = D44A222D2CBEDEF900E8D847 /* Assets.xcassets */; };
		D44A22312CBEDEF900E8D847 /* Preview Assets.xcassets in Resources */ = {isa = PBXBuildFile; fileRef = D44A22302CBEDEF900E8D847 /* Preview Assets.xcassets */; };
		D44A22592CBFB92D00E8D847 /* GoogleService-Info.plist in Resources */ = {isa = PBXBuildFile; fileRef = D44A22582CBFB92D00E8D847 /* GoogleService-Info.plist */; };
		D44A225C2CBFBD4600E8D847 /* FirebaseAuth in Frameworks */ = {isa = PBXBuildFile; productRef = D44A225B2CBFBD4600E8D847 /* FirebaseAuth */; };
		D44A225E2CBFBD4600E8D847 /* FirebaseAuthCombine-Community in Frameworks */ = {isa = PBXBuildFile; productRef = D44A225D2CBFBD4600E8D847 /* FirebaseAuthCombine-Community */; };
		D44A22602CBFBD4600E8D847 /* FirebaseFirestore in Frameworks */ = {isa = PBXBuildFile; productRef = D44A225F2CBFBD4600E8D847 /* FirebaseFirestore */; };
		D44A22622CBFBD4600E8D847 /* FirebaseFirestoreCombine-Community in Frameworks */ = {isa = PBXBuildFile; productRef = D44A22612CBFBD4600E8D847 /* FirebaseFirestoreCombine-Community */; };
		D44A22642CBFBD4600E8D847 /* FirebaseStorage in Frameworks */ = {isa = PBXBuildFile; productRef = D44A22632CBFBD4600E8D847 /* FirebaseStorage */; };
		D44A22662CBFBD4600E8D847 /* FirebaseStorageCombine-Community in Frameworks */ = {isa = PBXBuildFile; productRef = D44A22652CBFBD4600E8D847 /* FirebaseStorageCombine-Community */; };
		D44A22682CC023B600E8D847 /* ChatView.swift in Sources */ = {isa = PBXBuildFile; fileRef = D44A22672CC023B600E8D847 /* ChatView.swift */; };
		D44A226B2CC0302C00E8D847 /* LoginViewModel.swift in Sources */ = {isa = PBXBuildFile; fileRef = D44A226A2CC0302C00E8D847 /* LoginViewModel.swift */; };
		D44A226D2CC0304D00E8D847 /* ChatViewModel.swift in Sources */ = {isa = PBXBuildFile; fileRef = D44A226C2CC0304D00E8D847 /* ChatViewModel.swift */; };
/* End PBXBuildFile section */

/* Begin PBXFileReference section */
		D44A22262CBEDEF600E8D847 /* ChattAppProject.app */ = {isa = PBXFileReference; explicitFileType = wrapper.application; includeInIndex = 0; path = ChattAppProject.app; sourceTree = BUILT_PRODUCTS_DIR; };
		D44A22292CBEDEF600E8D847 /* ChattAppProjectApp.swift */ = {isa = PBXFileReference; lastKnownFileType = sourcecode.swift; path = ChattAppProjectApp.swift; sourceTree = "<group>"; };
		D44A222B2CBEDEF600E8D847 /* LoginView.swift */ = {isa = PBXFileReference; lastKnownFileType = sourcecode.swift; path = LoginView.swift; sourceTree = "<group>"; };
		D44A222D2CBEDEF900E8D847 /* Assets.xcassets */ = {isa = PBXFileReference; lastKnownFileType = folder.assetcatalog; path = Assets.xcassets; sourceTree = "<group>"; };
		D44A22302CBEDEF900E8D847 /* Preview Assets.xcassets */ = {isa = PBXFileReference; lastKnownFileType = folder.assetcatalog; path = "Preview Assets.xcassets"; sourceTree = "<group>"; };
		D44A22582CBFB92D00E8D847 /* GoogleService-Info.plist */ = {isa = PBXFileReference; fileEncoding = 4; lastKnownFileType = text.plist.xml; path = "GoogleService-Info.plist"; sourceTree = "<group>"; };
		D44A22672CC023B600E8D847 /* ChatView.swift */ = {isa = PBXFileReference; lastKnownFileType = sourcecode.swift; path = ChatView.swift; sourceTree = "<group>"; };
		D44A226A2CC0302C00E8D847 /* LoginViewModel.swift */ = {isa = PBXFileReference; lastKnownFileType = sourcecode.swift; path = LoginViewModel.swift; sourceTree = "<group>"; };
		D44A226C2CC0304D00E8D847 /* ChatViewModel.swift */ = {isa = PBXFileReference; lastKnownFileType = sourcecode.swift; path = ChatViewModel.swift; sourceTree = "<group>"; };
/* End PBXFileReference section */

/* Begin PBXFrameworksBuildPhase section */
		D44A22232CBEDEF600E8D847 /* Frameworks */ = {
			isa = PBXFrameworksBuildPhase;
			buildActionMask = 2147483647;
			files = (
				D44A225C2CBFBD4600E8D847 /* FirebaseAuth in Frameworks */,
				D44A22622CBFBD4600E8D847 /* FirebaseFirestoreCombine-Community in Frameworks */,
				D44A225E2CBFBD4600E8D847 /* FirebaseAuthCombine-Community in Frameworks */,
				D44A22642CBFBD4600E8D847 /* FirebaseStorage in Frameworks */,
				D44A22662CBFBD4600E8D847 /* FirebaseStorageCombine-Community in Frameworks */,
				D44A22602CBFBD4600E8D847 /* FirebaseFirestore in Frameworks */,
			);
			runOnlyForDeploymentPostprocessing = 0;
		};
/* End PBXFrameworksBuildPhase section */

/* Begin PBXGroup section */
		D44A221D2CBEDEF600E8D847 = {
			isa = PBXGroup;
			children = (
				D44A22282CBEDEF600E8D847 /* ChattAppProject */,
				D44A22272CBEDEF600E8D847 /* Products */,
			);
			sourceTree = "<group>";
		};
		D44A22272CBEDEF600E8D847 /* Products */ = {
			isa = PBXGroup;
			children = (
				D44A22262CBEDEF600E8D847 /* ChattAppProject.app */,
			);
			name = Products;
			sourceTree = "<group>";
		};
		D44A22282CBEDEF600E8D847 /* ChattAppProject */ = {
			isa = PBXGroup;
			children = (
				D44A22692CC02FD900E8D847 /* Models */,
				D44A22292CBEDEF600E8D847 /* ChattAppProjectApp.swift */,
				D44A222B2CBEDEF600E8D847 /* LoginView.swift */,
				D44A22672CC023B600E8D847 /* ChatView.swift */,
				D44A22582CBFB92D00E8D847 /* GoogleService-Info.plist */,
				D44A222D2CBEDEF900E8D847 /* Assets.xcassets */,
				D44A222F2CBEDEF900E8D847 /* Preview Content */,
			);
			path = ChattAppProject;
			sourceTree = "<group>";
		};
		D44A222F2CBEDEF900E8D847 /* Preview Content */ = {
			isa = PBXGroup;
			children = (
				D44A22302CBEDEF900E8D847 /* Preview Assets.xcassets */,
			);
			path = "Preview Content";
			sourceTree = "<group>";
		};
		D44A22692CC02FD900E8D847 /* Models */ = {
			isa = PBXGroup;
			children = (
				D44A226A2CC0302C00E8D847 /* LoginViewModel.swift */,
				D44A226C2CC0304D00E8D847 /* ChatViewModel.swift */,
			);
			path = Models;
			sourceTree = "<group>";
		};
/* End PBXGroup section */

/* Begin PBXNativeTarget section */
		D44A22252CBEDEF600E8D847 /* ChattAppProject */ = {
			isa = PBXNativeTarget;
			buildConfigurationList = D44A22342CBEDEF900E8D847 /* Build configuration list for PBXNativeTarget "ChattAppProject" */;
			buildPhases = (
				D44A22222CBEDEF600E8D847 /* Sources */,
				D44A22232CBEDEF600E8D847 /* Frameworks */,
				D44A22242CBEDEF600E8D847 /* Resources */,
			);
			buildRules = (
			);
			dependencies = (
			);
			name = ChattAppProject;
			packageProductDependencies = (
				D44A225B2CBFBD4600E8D847 /* FirebaseAuth */,
				D44A225D2CBFBD4600E8D847 /* FirebaseAuthCombine-Community */,
				D44A225F2CBFBD4600E8D847 /* FirebaseFirestore */,
				D44A22612CBFBD4600E8D847 /* FirebaseFirestoreCombine-Community */,
				D44A22632CBFBD4600E8D847 /* FirebaseStorage */,
				D44A22652CBFBD4600E8D847 /* FirebaseStorageCombine-Community */,
			);
			productName = ChattAppProject;
			productReference = D44A22262CBEDEF600E8D847 /* ChattAppProject.app */;
			productType = "com.apple.product-type.application";
		};
/* End PBXNativeTarget section */

/* Begin PBXProject section */
		D44A221E2CBEDEF600E8D847 /* Project object */ = {
			isa = PBXProject;
			attributes = {
				BuildIndependentTargetsInParallel = 1;
				LastSwiftUpdateCheck = 1540;
				LastUpgradeCheck = 1540;
				TargetAttributes = {
					D44A22252CBEDEF600E8D847 = {
						CreatedOnToolsVersion = 15.4;
					};
				};
			};
			buildConfigurationList = D44A22212CBEDEF600E8D847 /* Build configuration list for PBXProject "ChattAppProject" */;
			compatibilityVersion = "Xcode 14.0";
			developmentRegion = en;
			hasScannedForEncodings = 0;
			knownRegions = (
				en,
				Base,
			);
			mainGroup = D44A221D2CBEDEF600E8D847;
			packageReferences = (
				D44A225A2CBFBD4600E8D847 /* XCRemoteSwiftPackageReference "firebase-ios-sdk" */,
			);
			productRefGroup = D44A22272CBEDEF600E8D847 /* Products */;
			projectDirPath = "";
			projectRoot = "";
			targets = (
				D44A22252CBEDEF600E8D847 /* ChattAppProject */,
			);
		};
/* End PBXProject section */

/* Begin PBXResourcesBuildPhase section */
		D44A22242CBEDEF600E8D847 /* Resources */ = {
			isa = PBXResourcesBuildPhase;
			buildActionMask = 2147483647;
			files = (
				D44A22312CBEDEF900E8D847 /* Preview Assets.xcassets in Resources */,
				D44A22592CBFB92D00E8D847 /* GoogleService-Info.plist in Resources */,
				D44A222E2CBEDEF900E8D847 /* Assets.xcassets in Resources */,
			);
			runOnlyForDeploymentPostprocessing = 0;
		};
/* End PBXResourcesBuildPhase section */

/* Begin PBXSourcesBuildPhase section */
		D44A22222CBEDEF600E8D847 /* Sources */ = {
			isa = PBXSourcesBuildPhase;
			buildActionMask = 2147483647;
			files = (
				D44A226B2CC0302C00E8D847 /* LoginViewModel.swift in Sources */,
				D44A222C2CBEDEF600E8D847 /* LoginView.swift in Sources */,
				D44A22682CC023B600E8D847 /* ChatView.swift in Sources */,
				D44A226D2CC0304D00E8D847 /* ChatViewModel.swift in Sources */,
				D44A222A2CBEDEF600E8D847 /* ChattAppProjectApp.swift in Sources */,
			);
			runOnlyForDeploymentPostprocessing = 0;
		};
/* End PBXSourcesBuildPhase section */

/* Begin XCBuildConfiguration section */
		D44A22322CBEDEF900E8D847 /* Debug */ = {
			isa = XCBuildConfiguration;
			buildSettings = {
				ALWAYS_SEARCH_USER_PATHS = NO;
				ASSETCATALOG_COMPILER_GENERATE_SWIFT_ASSET_SYMBOL_EXTENSIONS = YES;
				CLANG_ANALYZER_NONNULL = YES;
				CLANG_ANALYZER_NUMBER_OBJECT_CONVERSION = YES_AGGRESSIVE;
				CLANG_CXX_LANGUAGE_STANDARD = "gnu++20";
				CLANG_ENABLE_MODULES = YES;
				CLANG_ENABLE_OBJC_ARC = YES;
				CLANG_ENABLE_OBJC_WEAK = YES;
				CLANG_WARN_BLOCK_CAPTURE_AUTORELEASING = YES;
				CLANG_WARN_BOOL_CONVERSION = YES;
				CLANG_WARN_COMMA = YES;
				CLANG_WARN_CONSTANT_CONVERSION = YES;
				CLANG_WARN_DEPRECATED_OBJC_IMPLEMENTATIONS = YES;
				CLANG_WARN_DIRECT_OBJC_ISA_USAGE = YES_ERROR;
				CLANG_WARN_DOCUMENTATION_COMMENTS = YES;
				CLANG_WARN_EMPTY_BODY = YES;
				CLANG_WARN_ENUM_CONVERSION = YES;
				CLANG_WARN_INFINITE_RECURSION = YES;
				CLANG_WARN_INT_CONVERSION = YES;
				CLANG_WARN_NON_LITERAL_NULL_CONVERSION = YES;
				CLANG_WARN_OBJC_IMPLICIT_RETAIN_SELF = YES;
				CLANG_WARN_OBJC_LITERAL_CONVERSION = YES;
				CLANG_WARN_OBJC_ROOT_CLASS = YES_ERROR;
				CLANG_WARN_QUOTED_INCLUDE_IN_FRAMEWORK_HEADER = YES;
				CLANG_WARN_RANGE_LOOP_ANALYSIS = YES;
				CLANG_WARN_STRICT_PROTOTYPES = YES;
				CLANG_WARN_SUSPICIOUS_MOVE = YES;
				CLANG_WARN_UNGUARDED_AVAILABILITY = YES_AGGRESSIVE;
				CLANG_WARN_UNREACHABLE_CODE = YES;
				CLANG_WARN__DUPLICATE_METHOD_MATCH = YES;
				COPY_PHASE_STRIP = NO;
				DEBUG_INFORMATION_FORMAT = dwarf;
				ENABLE_STRICT_OBJC_MSGSEND = YES;
				ENABLE_TESTABILITY = YES;
				ENABLE_USER_SCRIPT_SANDBOXING = YES;
				GCC_C_LANGUAGE_STANDARD = gnu17;
				GCC_DYNAMIC_NO_PIC = NO;
				GCC_NO_COMMON_BLOCKS = YES;
				GCC_OPTIMIZATION_LEVEL = 0;
				GCC_PREPROCESSOR_DEFINITIONS = (
					"DEBUG=1",
					"$(inherited)",
				);
				GCC_WARN_64_TO_32_BIT_CONVERSION = YES;
				GCC_WARN_ABOUT_RETURN_TYPE = YES_ERROR;
				GCC_WARN_UNDECLARED_SELECTOR = YES;
				GCC_WARN_UNINITIALIZED_AUTOS = YES_AGGRESSIVE;
				GCC_WARN_UNUSED_FUNCTION = YES;
				GCC_WARN_UNUSED_VARIABLE = YES;
				IPHONEOS_DEPLOYMENT_TARGET = 17.5;
				LOCALIZATION_PREFERS_STRING_CATALOGS = YES;
				MTL_ENABLE_DEBUG_INFO = INCLUDE_SOURCE;
				MTL_FAST_MATH = YES;
				ONLY_ACTIVE_ARCH = YES;
				SDKROOT = iphoneos;
				SWIFT_ACTIVE_COMPILATION_CONDITIONS = "DEBUG $(inherited)";
				SWIFT_OPTIMIZATION_LEVEL = "-Onone";
			};
			name = Debug;
		};
		D44A22332CBEDEF900E8D847 /* Release */ = {
			isa = XCBuildConfiguration;
			buildSettings = {
				ALWAYS_SEARCH_USER_PATHS = NO;
				ASSETCATALOG_COMPILER_GENERATE_SWIFT_ASSET_SYMBOL_EXTENSIONS = YES;
				CLANG_ANALYZER_NONNULL = YES;
				CLANG_ANALYZER_NUMBER_OBJECT_CONVERSION = YES_AGGRESSIVE;
				CLANG_CXX_LANGUAGE_STANDARD = "gnu++20";
				CLANG_ENABLE_MODULES = YES;
				CLANG_ENABLE_OBJC_ARC = YES;
				CLANG_ENABLE_OBJC_WEAK = YES;
				CLANG_WARN_BLOCK_CAPTURE_AUTORELEASING = YES;
				CLANG_WARN_BOOL_CONVERSION = YES;
				CLANG_WARN_COMMA = YES;
				CLANG_WARN_CONSTANT_CONVERSION = YES;
				CLANG_WARN_DEPRECATED_OBJC_IMPLEMENTATIONS = YES;
				CLANG_WARN_DIRECT_OBJC_ISA_USAGE = YES_ERROR;
				CLANG_WARN_DOCUMENTATION_COMMENTS = YES;
				CLANG_WARN_EMPTY_BODY = YES;
				CLANG_WARN_ENUM_CONVERSION = YES;
				CLANG_WARN_INFINITE_RECURSION = YES;
				CLANG_WARN_INT_CONVERSION = YES;
				CLANG_WARN_NON_LITERAL_NULL_CONVERSION = YES;
				CLANG_WARN_OBJC_IMPLICIT_RETAIN_SELF = YES;
				CLANG_WARN_OBJC_LITERAL_CONVERSION = YES;
				CLANG_WARN_OBJC_ROOT_CLASS = YES_ERROR;
				CLANG_WARN_QUOTED_INCLUDE_IN_FRAMEWORK_HEADER = YES;
				CLANG_WARN_RANGE_LOOP_ANALYSIS = YES;
				CLANG_WARN_STRICT_PROTOTYPES = YES;
				CLANG_WARN_SUSPICIOUS_MOVE = YES;
				CLANG_WARN_UNGUARDED_AVAILABILITY = YES_AGGRESSIVE;
				CLANG_WARN_UNREACHABLE_CODE = YES;
				CLANG_WARN__DUPLICATE_METHOD_MATCH = YES;
				COPY_PHASE_STRIP = NO;
				DEBUG_INFORMATION_FORMAT = "dwarf-with-dsym";
				ENABLE_NS_ASSERTIONS = NO;
				ENABLE_STRICT_OBJC_MSGSEND = YES;
				ENABLE_USER_SCRIPT_SANDBOXING = YES;
				GCC_C_LANGUAGE_STANDARD = gnu17;
				GCC_NO_COMMON_BLOCKS = YES;
				GCC_WARN_64_TO_32_BIT_CONVERSION = YES;
				GCC_WARN_ABOUT_RETURN_TYPE = YES_ERROR;
				GCC_WARN_UNDECLARED_SELECTOR = YES;
				GCC_WARN_UNINITIALIZED_AUTOS = YES_AGGRESSIVE;
				GCC_WARN_UNUSED_FUNCTION = YES;
				GCC_WARN_UNUSED_VARIABLE = YES;
				IPHONEOS_DEPLOYMENT_TARGET = 17.5;
				LOCALIZATION_PREFERS_STRING_CATALOGS = YES;
				MTL_ENABLE_DEBUG_INFO = NO;
				MTL_FAST_MATH = YES;
				SDKROOT = iphoneos;
				SWIFT_COMPILATION_MODE = wholemodule;
				VALIDATE_PRODUCT = YES;
			};
			name = Release;
		};
		D44A22352CBEDEF900E8D847 /* Debug */ = {
			isa = XCBuildConfiguration;
			buildSettings = {
				ASSETCATALOG_COMPILER_APPICON_NAME = AppIcon;
				ASSETCATALOG_COMPILER_GLOBAL_ACCENT_COLOR_NAME = AccentColor;
				CODE_SIGN_STYLE = Automatic;
				CURRENT_PROJECT_VERSION = 1;
				DEVELOPMENT_ASSET_PATHS = "\"ChattAppProject/Preview Content\"";
				ENABLE_PREVIEWS = YES;
				GENERATE_INFOPLIST_FILE = YES;
				INFOPLIST_KEY_UIApplicationSceneManifest_Generation = YES;
				INFOPLIST_KEY_UIApplicationSupportsIndirectInputEvents = YES;
				INFOPLIST_KEY_UILaunchScreen_Generation = YES;
				INFOPLIST_KEY_UISupportedInterfaceOrientations_iPad = "UIInterfaceOrientationPortrait UIInterfaceOrientationPortraitUpsideDown UIInterfaceOrientationLandscapeLeft UIInterfaceOrientationLandscapeRight";
				INFOPLIST_KEY_UISupportedInterfaceOrientations_iPhone = "UIInterfaceOrientationPortrait UIInterfaceOrientationLandscapeLeft UIInterfaceOrientationLandscapeRight";
				LD_RUNPATH_SEARCH_PATHS = (
					"$(inherited)",
					"@executable_path/Frameworks",
				);
				MARKETING_VERSION = 1.0;
				PRODUCT_BUNDLE_IDENTIFIER = com.jacqueline.ChattAppProject;
				PRODUCT_NAME = "$(TARGET_NAME)";
				SWIFT_EMIT_LOC_STRINGS = YES;
				SWIFT_VERSION = 5.0;
				TARGETED_DEVICE_FAMILY = "1,2";
			};
			name = Debug;
		};
		D44A22362CBEDEF900E8D847 /* Release */ = {
			isa = XCBuildConfiguration;
			buildSettings = {
				ASSETCATALOG_COMPILER_APPICON_NAME = AppIcon;
				ASSETCATALOG_COMPILER_GLOBAL_ACCENT_COLOR_NAME = AccentColor;
				CODE_SIGN_STYLE = Automatic;
				CURRENT_PROJECT_VERSION = 1;
				DEVELOPMENT_ASSET_PATHS = "\"ChattAppProject/Preview Content\"";
				ENABLE_PREVIEWS = YES;
				GENERATE_INFOPLIST_FILE = YES;
				INFOPLIST_KEY_UIApplicationSceneManifest_Generation = YES;
				INFOPLIST_KEY_UIApplicationSupportsIndirectInputEvents = YES;
				INFOPLIST_KEY_UILaunchScreen_Generation = YES;
				INFOPLIST_KEY_UISupportedInterfaceOrientations_iPad = "UIInterfaceOrientationPortrait UIInterfaceOrientationPortraitUpsideDown UIInterfaceOrientationLandscapeLeft UIInterfaceOrientationLandscapeRight";
				INFOPLIST_KEY_UISupportedInterfaceOrientations_iPhone = "UIInterfaceOrientationPortrait UIInterfaceOrientationLandscapeLeft UIInterfaceOrientationLandscapeRight";
				LD_RUNPATH_SEARCH_PATHS = (
					"$(inherited)",
					"@executable_path/Frameworks",
				);
				MARKETING_VERSION = 1.0;
				PRODUCT_BUNDLE_IDENTIFIER = com.jacqueline.ChattAppProject;
				PRODUCT_NAME = "$(TARGET_NAME)";
				SWIFT_EMIT_LOC_STRINGS = YES;
				SWIFT_VERSION = 5.0;
				TARGETED_DEVICE_FAMILY = "1,2";
			};
			name = Release;
		};
/* End XCBuildConfiguration section */

/* Begin XCConfigurationList section */
		D44A22212CBEDEF600E8D847 /* Build configuration list for PBXProject "ChattAppProject" */ = {
			isa = XCConfigurationList;
			buildConfigurations = (
				D44A22322CBEDEF900E8D847 /* Debug */,
				D44A22332CBEDEF900E8D847 /* Release */,
			);
			defaultConfigurationIsVisible = 0;
			defaultConfigurationName = Release;
		};
		D44A22342CBEDEF900E8D847 /* Build configuration list for PBXNativeTarget "ChattAppProject" */ = {
			isa = XCConfigurationList;
			buildConfigurations = (
				D44A22352CBEDEF900E8D847 /* Debug */,
				D44A22362CBEDEF900E8D847 /* Release */,
			);
			defaultConfigurationIsVisible = 0;
			defaultConfigurationName = Release;
		};
/* End XCConfigurationList section */

/* Begin XCRemoteSwiftPackageReference section */
		D44A225A2CBFBD4600E8D847 /* XCRemoteSwiftPackageReference "firebase-ios-sdk" */ = {
			isa = XCRemoteSwiftPackageReference;
			repositoryURL = "https://github.com/firebase/firebase-ios-sdk.git";
			requirement = {
				kind = upToNextMajorVersion;
				minimumVersion = 11.3.0;
			};
		};
/* End XCRemoteSwiftPackageReference section */

/* Begin XCSwiftPackageProductDependency section */
		D44A225B2CBFBD4600E8D847 /* FirebaseAuth */ = {
			isa = XCSwiftPackageProductDependency;
			package = D44A225A2CBFBD4600E8D847 /* XCRemoteSwiftPackageReference "firebase-ios-sdk" */;
			productName = FirebaseAuth;
		};
		D44A225D2CBFBD4600E8D847 /* FirebaseAuthCombine-Community */ = {
			isa = XCSwiftPackageProductDependency;
			package = D44A225A2CBFBD4600E8D847 /* XCRemoteSwiftPackageReference "firebase-ios-sdk" */;
			productName = "FirebaseAuthCombine-Community";
		};
		D44A225F2CBFBD4600E8D847 /* FirebaseFirestore */ = {
			isa = XCSwiftPackageProductDependency;
			package = D44A225A2CBFBD4600E8D847 /* XCRemoteSwiftPackageReference "firebase-ios-sdk" */;
			productName = FirebaseFirestore;
		};
		D44A22612CBFBD4600E8D847 /* FirebaseFirestoreCombine-Community */ = {
			isa = XCSwiftPackageProductDependency;
			package = D44A225A2CBFBD4600E8D847 /* XCRemoteSwiftPackageReference "firebase-ios-sdk" */;
			productName = "FirebaseFirestoreCombine-Community";
		};
		D44A22632CBFBD4600E8D847 /* FirebaseStorage */ = {
			isa = XCSwiftPackageProductDependency;
			package = D44A225A2CBFBD4600E8D847 /* XCRemoteSwiftPackageReference "firebase-ios-sdk" */;
			productName = FirebaseStorage;
		};
		D44A22652CBFBD4600E8D847 /* FirebaseStorageCombine-Community */ = {
			isa = XCSwiftPackageProductDependency;
			package = D44A225A2CBFBD4600E8D847 /* XCRemoteSwiftPackageReference "firebase-ios-sdk" */;
			productName = "FirebaseStorageCombine-Community";
		};
/* End XCSwiftPackageProductDependency section */
	};
	rootObject = D44A221E2CBEDEF600E8D847 /* Project object */;
}
