// !$*UTF8*$!
{
	archiveVersion = 1;
	classes = {
	};
	objectVersion = 56;
	objects = {

/* Begin PBXBuildFile section */
		D44A222A2CBEDEF600E8D847 /* ChattAppProjectApp.swift in Sources */ = {isa = PBXBuildFile; fileRef = D44A22292CBEDEF600E8D847 /* ChattAppProjectApp.swift */; };
		D44A222C2CBEDEF600E8D847 /* LoginView.swift in Sources */ = {isa = PBXBuildFile; fileRef = D44A222B2CBEDEF600E8D847 /* LoginView.swift */; };
		D44A222E2CBEDEF900E8D847 /* Assets.xcassets in Resources */ = {isa = PBXBuildFile; fileRef = D44A222D2CBEDEF900E8D847 /* Assets.xcassets */; };
		D44A22312CBEDEF900E8D847 /* Preview Assets.xcassets in Resources */ = {isa = PBXBuildFile; fileRef = D44A22302CBEDEF900E8D847 /* Preview Assets.xcassets */; };
		D44A22592CBFB92D00E8D847 /* GoogleService-Info.plist in Resources */ = {isa = PBXBuildFile; fileRef = D44A22582CBFB92D00E8D847 /* GoogleService-Info.plist */; };
		D47CD2362CCF526100E37F15 /* MainMessagesView.swift in Sources */ = {isa = PBXBuildFile; fileRef = D47CD2352CCF526100E37F15 /* MainMessagesView.swift */; };
		D47CD23D2CCF58DF00E37F15 /* FirebaseAnalytics in Frameworks */ = {isa = PBXBuildFile; productRef = D47CD23C2CCF58DF00E37F15 /* FirebaseAnalytics */; };
		D47CD23F2CCF58DF00E37F15 /* FirebaseAnalyticsOnDeviceConversion in Frameworks */ = {isa = PBXBuildFile; productRef = D47CD23E2CCF58DF00E37F15 /* FirebaseAnalyticsOnDeviceConversion */; };
		D47CD2412CCF58DF00E37F15 /* FirebaseAnalyticsWithoutAdIdSupport in Frameworks */ = {isa = PBXBuildFile; productRef = D47CD2402CCF58DF00E37F15 /* FirebaseAnalyticsWithoutAdIdSupport */; };
		D47CD2432CCF58DF00E37F15 /* FirebaseAppCheck in Frameworks */ = {isa = PBXBuildFile; productRef = D47CD2422CCF58DF00E37F15 /* FirebaseAppCheck */; };
		D47CD2452CCF58DF00E37F15 /* FirebaseAppDistribution-Beta in Frameworks */ = {isa = PBXBuildFile; productRef = D47CD2442CCF58DF00E37F15 /* FirebaseAppDistribution-Beta */; };
		D47CD2472CCF58DF00E37F15 /* FirebaseAuth in Frameworks */ = {isa = PBXBuildFile; productRef = D47CD2462CCF58DF00E37F15 /* FirebaseAuth */; };
		D47CD2492CCF58DF00E37F15 /* FirebaseAuthCombine-Community in Frameworks */ = {isa = PBXBuildFile; productRef = D47CD2482CCF58DF00E37F15 /* FirebaseAuthCombine-Community */; };
		D47CD24B2CCF58DF00E37F15 /* FirebaseCore in Frameworks */ = {isa = PBXBuildFile; productRef = D47CD24A2CCF58DF00E37F15 /* FirebaseCore */; };
		D47CD24D2CCF58DF00E37F15 /* FirebaseCrashlytics in Frameworks */ = {isa = PBXBuildFile; productRef = D47CD24C2CCF58DF00E37F15 /* FirebaseCrashlytics */; };
		D47CD24F2CCF58DF00E37F15 /* FirebaseDatabase in Frameworks */ = {isa = PBXBuildFile; productRef = D47CD24E2CCF58DF00E37F15 /* FirebaseDatabase */; };
		D47CD2512CCF58DF00E37F15 /* FirebaseDynamicLinks in Frameworks */ = {isa = PBXBuildFile; productRef = D47CD2502CCF58DF00E37F15 /* FirebaseDynamicLinks */; };
		D47CD2532CCF58DF00E37F15 /* FirebaseFirestore in Frameworks */ = {isa = PBXBuildFile; productRef = D47CD2522CCF58DF00E37F15 /* FirebaseFirestore */; };
		D47CD2552CCF58DF00E37F15 /* FirebaseFirestoreCombine-Community in Frameworks */ = {isa = PBXBuildFile; productRef = D47CD2542CCF58DF00E37F15 /* FirebaseFirestoreCombine-Community */; };
		D47CD2572CCF58DF00E37F15 /* FirebaseFunctions in Frameworks */ = {isa = PBXBuildFile; productRef = D47CD2562CCF58DF00E37F15 /* FirebaseFunctions */; };
		D47CD2592CCF58DF00E37F15 /* FirebaseFunctionsCombine-Community in Frameworks */ = {isa = PBXBuildFile; productRef = D47CD2582CCF58DF00E37F15 /* FirebaseFunctionsCombine-Community */; };
		D47CD25B2CCF58DF00E37F15 /* FirebaseInAppMessaging-Beta in Frameworks */ = {isa = PBXBuildFile; productRef = D47CD25A2CCF58DF00E37F15 /* FirebaseInAppMessaging-Beta */; };
		D47CD25D2CCF58DF00E37F15 /* FirebaseInstallations in Frameworks */ = {isa = PBXBuildFile; productRef = D47CD25C2CCF58DF00E37F15 /* FirebaseInstallations */; };
		D47CD25F2CCF58DF00E37F15 /* FirebaseMLModelDownloader in Frameworks */ = {isa = PBXBuildFile; productRef = D47CD25E2CCF58DF00E37F15 /* FirebaseMLModelDownloader */; };
		D47CD2612CCF58DF00E37F15 /* FirebaseMessaging in Frameworks */ = {isa = PBXBuildFile; productRef = D47CD2602CCF58DF00E37F15 /* FirebaseMessaging */; };
		D47CD2632CCF58DF00E37F15 /* FirebasePerformance in Frameworks */ = {isa = PBXBuildFile; productRef = D47CD2622CCF58DF00E37F15 /* FirebasePerformance */; };
		D47CD2652CCF58DF00E37F15 /* FirebaseRemoteConfig in Frameworks */ = {isa = PBXBuildFile; productRef = D47CD2642CCF58DF00E37F15 /* FirebaseRemoteConfig */; };
		D47CD2672CCF58DF00E37F15 /* FirebaseStorage in Frameworks */ = {isa = PBXBuildFile; productRef = D47CD2662CCF58DF00E37F15 /* FirebaseStorage */; };
		D47CD2692CCF58DF00E37F15 /* FirebaseStorageCombine-Community in Frameworks */ = {isa = PBXBuildFile; productRef = D47CD2682CCF58DF00E37F15 /* FirebaseStorageCombine-Community */; };
		D47CD26B2CCF58DF00E37F15 /* FirebaseVertexAI in Frameworks */ = {isa = PBXBuildFile; productRef = D47CD26A2CCF58DF00E37F15 /* FirebaseVertexAI */; };
		D47CD2712CD0E57F00E37F15 /* MainMessageViewModel.swift in Sources */ = {isa = PBXBuildFile; fileRef = D47CD2702CD0E57F00E37F15 /* MainMessageViewModel.swift */; };
		D47CD2742CD0E68B00E37F15 /* SDWebImageSwiftUI in Frameworks */ = {isa = PBXBuildFile; productRef = D47CD2732CD0E68B00E37F15 /* SDWebImageSwiftUI */; };
		D47CD2772CD1375000E37F15 /* AppDelegate.swift in Sources */ = {isa = PBXBuildFile; fileRef = D47CD2762CD1375000E37F15 /* AppDelegate.swift */; };
		D47CD2792CD7875200E37F15 /* CreateNewMessageView.swift in Sources */ = {isa = PBXBuildFile; fileRef = D47CD2782CD7875200E37F15 /* CreateNewMessageView.swift */; };
		D47CD27B2CD788A900E37F15 /* CreateNewMessageViewModel.swift in Sources */ = {isa = PBXBuildFile; fileRef = D47CD27A2CD788A900E37F15 /* CreateNewMessageViewModel.swift */; };
		D47CD27E2CD78B7D00E37F15 /* ChatUser.swift in Sources */ = {isa = PBXBuildFile; fileRef = D47CD27D2CD78B7D00E37F15 /* ChatUser.swift */; };
		D47CD2822CD7CB9F00E37F15 /* ChatLogView.swift in Sources */ = {isa = PBXBuildFile; fileRef = D47CD2812CD7CB9F00E37F15 /* ChatLogView.swift */; };
		D48CB9D52CC63CD400EBA74C /* ImagePicker.swift in Sources */ = {isa = PBXBuildFile; fileRef = D48CB9D42CC63CB100EBA74C /* ImagePicker.swift */; };
		D48CB9DA2CC66D4500EBA74C /* firebaseManager.swift in Sources */ = {isa = PBXBuildFile; fileRef = D48CB9D92CC66D4500EBA74C /* firebaseManager.swift */; };
/* End PBXBuildFile section */

/* Begin PBXFileReference section */
		D44A22262CBEDEF600E8D847 /* ChattAppProject.app */ = {isa = PBXFileReference; explicitFileType = wrapper.application; includeInIndex = 0; path = ChattAppProject.app; sourceTree = BUILT_PRODUCTS_DIR; };
		D44A22292CBEDEF600E8D847 /* ChattAppProjectApp.swift */ = {isa = PBXFileReference; lastKnownFileType = sourcecode.swift; path = ChattAppProjectApp.swift; sourceTree = "<group>"; };
		D44A222B2CBEDEF600E8D847 /* LoginView.swift */ = {isa = PBXFileReference; lastKnownFileType = sourcecode.swift; path = LoginView.swift; sourceTree = "<group>"; };
		D44A222D2CBEDEF900E8D847 /* Assets.xcassets */ = {isa = PBXFileReference; lastKnownFileType = folder.assetcatalog; path = Assets.xcassets; sourceTree = "<group>"; };
		D44A22302CBEDEF900E8D847 /* Preview Assets.xcassets */ = {isa = PBXFileReference; lastKnownFileType = folder.assetcatalog; path = "Preview Assets.xcassets"; sourceTree = "<group>"; };
		D44A22582CBFB92D00E8D847 /* GoogleService-Info.plist */ = {isa = PBXFileReference; fileEncoding = 4; lastKnownFileType = text.plist.xml; path = "GoogleService-Info.plist"; sourceTree = "<group>"; };
		D47CD2352CCF526100E37F15 /* MainMessagesView.swift */ = {isa = PBXFileReference; lastKnownFileType = sourcecode.swift; path = MainMessagesView.swift; sourceTree = "<group>"; };
		D47CD2702CD0E57F00E37F15 /* MainMessageViewModel.swift */ = {isa = PBXFileReference; lastKnownFileType = sourcecode.swift; path = MainMessageViewModel.swift; sourceTree = "<group>"; };
		D47CD2762CD1375000E37F15 /* AppDelegate.swift */ = {isa = PBXFileReference; lastKnownFileType = sourcecode.swift; path = AppDelegate.swift; sourceTree = "<group>"; };
		D47CD2782CD7875200E37F15 /* CreateNewMessageView.swift */ = {isa = PBXFileReference; lastKnownFileType = sourcecode.swift; path = CreateNewMessageView.swift; sourceTree = "<group>"; };
		D47CD27A2CD788A900E37F15 /* CreateNewMessageViewModel.swift */ = {isa = PBXFileReference; lastKnownFileType = sourcecode.swift; path = CreateNewMessageViewModel.swift; sourceTree = "<group>"; };
		D47CD27D2CD78B7D00E37F15 /* ChatUser.swift */ = {isa = PBXFileReference; lastKnownFileType = sourcecode.swift; path = ChatUser.swift; sourceTree = "<group>"; };
		D47CD2812CD7CB9F00E37F15 /* ChatLogView.swift */ = {isa = PBXFileReference; lastKnownFileType = sourcecode.swift; path = ChatLogView.swift; sourceTree = "<group>"; };
		D48CB9D42CC63CB100EBA74C /* ImagePicker.swift */ = {isa = PBXFileReference; lastKnownFileType = sourcecode.swift; path = ImagePicker.swift; sourceTree = "<group>"; };
		D48CB9D92CC66D4500EBA74C /* firebaseManager.swift */ = {isa = PBXFileReference; lastKnownFileType = sourcecode.swift; path = firebaseManager.swift; sourceTree = "<group>"; };
/* End PBXFileReference section */

/* Begin PBXFrameworksBuildPhase section */
		D44A22232CBEDEF600E8D847 /* Frameworks */ = {
			isa = PBXFrameworksBuildPhase;
			buildActionMask = 2147483647;
			files = (
				D47CD2552CCF58DF00E37F15 /* FirebaseFirestoreCombine-Community in Frameworks */,
				D47CD26B2CCF58DF00E37F15 /* FirebaseVertexAI in Frameworks */,
				D47CD2572CCF58DF00E37F15 /* FirebaseFunctions in Frameworks */,
				D47CD2632CCF58DF00E37F15 /* FirebasePerformance in Frameworks */,
				D47CD2692CCF58DF00E37F15 /* FirebaseStorageCombine-Community in Frameworks */,
				D47CD2652CCF58DF00E37F15 /* FirebaseRemoteConfig in Frameworks */,
				D47CD24F2CCF58DF00E37F15 /* FirebaseDatabase in Frameworks */,
				D47CD2512CCF58DF00E37F15 /* FirebaseDynamicLinks in Frameworks */,
				D47CD2432CCF58DF00E37F15 /* FirebaseAppCheck in Frameworks */,
				D47CD2472CCF58DF00E37F15 /* FirebaseAuth in Frameworks */,
				D47CD2742CD0E68B00E37F15 /* SDWebImageSwiftUI in Frameworks */,
				D47CD23D2CCF58DF00E37F15 /* FirebaseAnalytics in Frameworks */,
				D47CD2532CCF58DF00E37F15 /* FirebaseFirestore in Frameworks */,
				D47CD2612CCF58DF00E37F15 /* FirebaseMessaging in Frameworks */,
				D47CD25D2CCF58DF00E37F15 /* FirebaseInstallations in Frameworks */,
				D47CD2592CCF58DF00E37F15 /* FirebaseFunctionsCombine-Community in Frameworks */,
				D47CD2452CCF58DF00E37F15 /* FirebaseAppDistribution-Beta in Frameworks */,
				D47CD2412CCF58DF00E37F15 /* FirebaseAnalyticsWithoutAdIdSupport in Frameworks */,
				D47CD25B2CCF58DF00E37F15 /* FirebaseInAppMessaging-Beta in Frameworks */,
				D47CD2492CCF58DF00E37F15 /* FirebaseAuthCombine-Community in Frameworks */,
				D47CD24D2CCF58DF00E37F15 /* FirebaseCrashlytics in Frameworks */,
				D47CD25F2CCF58DF00E37F15 /* FirebaseMLModelDownloader in Frameworks */,
				D47CD2672CCF58DF00E37F15 /* FirebaseStorage in Frameworks */,
				D47CD24B2CCF58DF00E37F15 /* FirebaseCore in Frameworks */,
				D47CD23F2CCF58DF00E37F15 /* FirebaseAnalyticsOnDeviceConversion in Frameworks */,
			);
			runOnlyForDeploymentPostprocessing = 0;
		};
/* End PBXFrameworksBuildPhase section */

/* Begin PBXGroup section */
		D44A221D2CBEDEF600E8D847 = {
			isa = PBXGroup;
			children = (
				D44A22282CBEDEF600E8D847 /* ChattAppProject */,
				D44A22272CBEDEF600E8D847 /* Products */,
			);
			sourceTree = "<group>";
		};
		D44A22272CBEDEF600E8D847 /* Products */ = {
			isa = PBXGroup;
			children = (
				D44A22262CBEDEF600E8D847 /* ChattAppProject.app */,
			);
			name = Products;
			sourceTree = "<group>";
		};
		D44A22282CBEDEF600E8D847 /* ChattAppProject */ = {
			isa = PBXGroup;
			children = (
				D44A22292CBEDEF600E8D847 /* ChattAppProjectApp.swift */,
				D47CD2762CD1375000E37F15 /* AppDelegate.swift */,
				D47CD27C2CD78B5100E37F15 /* Models */,
				D48CB9D62CC66CA600EBA74C /* Firebase */,
				D44A22692CC02FD900E8D847 /* ViewModels */,
				D47CD2752CD0EDC400E37F15 /* Views */,
				D48CB9D32CC63C8900EBA74C /* components */,
				D44A22582CBFB92D00E8D847 /* GoogleService-Info.plist */,
				D44A222D2CBEDEF900E8D847 /* Assets.xcassets */,
				D44A222F2CBEDEF900E8D847 /* Preview Content */,
			);
			path = ChattAppProject;
			sourceTree = "<group>";
		};
		D44A222F2CBEDEF900E8D847 /* Preview Content */ = {
			isa = PBXGroup;
			children = (
				D44A22302CBEDEF900E8D847 /* Preview Assets.xcassets */,
			);
			path = "Preview Content";
			sourceTree = "<group>";
		};
		D44A22692CC02FD900E8D847 /* ViewModels */ = {
			isa = PBXGroup;
			children = (
				D47CD2702CD0E57F00E37F15 /* MainMessageViewModel.swift */,
				D47CD27A2CD788A900E37F15 /* CreateNewMessageViewModel.swift */,
			);
			path = ViewModels;
			sourceTree = "<group>";
		};
		D47CD2752CD0EDC400E37F15 /* Views */ = {
			isa = PBXGroup;
			children = (
				D47CD2352CCF526100E37F15 /* MainMessagesView.swift */,
				D44A222B2CBEDEF600E8D847 /* LoginView.swift */,
				D47CD2782CD7875200E37F15 /* CreateNewMessageView.swift */,
				D47CD2812CD7CB9F00E37F15 /* ChatLogView.swift */,
			);
			path = Views;
			sourceTree = "<group>";
		};
		D47CD27C2CD78B5100E37F15 /* Models */ = {
			isa = PBXGroup;
			children = (
				D47CD27D2CD78B7D00E37F15 /* ChatUser.swift */,
			);
			path = Models;
			sourceTree = "<group>";
		};
		D48CB9D32CC63C8900EBA74C /* components */ = {
			isa = PBXGroup;
			children = (
				D48CB9D42CC63CB100EBA74C /* ImagePicker.swift */,
			);
			path = components;
			sourceTree = "<group>";
		};
		D48CB9D62CC66CA600EBA74C /* Firebase */ = {
			isa = PBXGroup;
			children = (
				D48CB9D92CC66D4500EBA74C /* firebaseManager.swift */,
			);
			path = Firebase;
			sourceTree = "<group>";
		};
/* End PBXGroup section */

/* Begin PBXNativeTarget section */
		D44A22252CBEDEF600E8D847 /* ChattAppProject */ = {
			isa = PBXNativeTarget;
			buildConfigurationList = D44A22342CBEDEF900E8D847 /* Build configuration list for PBXNativeTarget "ChattAppProject" */;
			buildPhases = (
				D44A22222CBEDEF600E8D847 /* Sources */,
				D44A22232CBEDEF600E8D847 /* Frameworks */,
				D44A22242CBEDEF600E8D847 /* Resources */,
			);
			buildRules = (
			);
			dependencies = (
			);
			name = ChattAppProject;
			packageProductDependencies = (
				D47CD23C2CCF58DF00E37F15 /* FirebaseAnalytics */,
				D47CD23E2CCF58DF00E37F15 /* FirebaseAnalyticsOnDeviceConversion */,
				D47CD2402CCF58DF00E37F15 /* FirebaseAnalyticsWithoutAdIdSupport */,
				D47CD2422CCF58DF00E37F15 /* FirebaseAppCheck */,
				D47CD2442CCF58DF00E37F15 /* FirebaseAppDistribution-Beta */,
				D47CD2462CCF58DF00E37F15 /* FirebaseAuth */,
				D47CD2482CCF58DF00E37F15 /* FirebaseAuthCombine-Community */,
				D47CD24A2CCF58DF00E37F15 /* FirebaseCore */,
				D47CD24C2CCF58DF00E37F15 /* FirebaseCrashlytics */,
				D47CD24E2CCF58DF00E37F15 /* FirebaseDatabase */,
				D47CD2502CCF58DF00E37F15 /* FirebaseDynamicLinks */,
				D47CD2522CCF58DF00E37F15 /* FirebaseFirestore */,
				D47CD2542CCF58DF00E37F15 /* FirebaseFirestoreCombine-Community */,
				D47CD2562CCF58DF00E37F15 /* FirebaseFunctions */,
				D47CD2582CCF58DF00E37F15 /* FirebaseFunctionsCombine-Community */,
				D47CD25A2CCF58DF00E37F15 /* FirebaseInAppMessaging-Beta */,
				D47CD25C2CCF58DF00E37F15 /* FirebaseInstallations */,
				D47CD25E2CCF58DF00E37F15 /* FirebaseMLModelDownloader */,
				D47CD2602CCF58DF00E37F15 /* FirebaseMessaging */,
				D47CD2622CCF58DF00E37F15 /* FirebasePerformance */,
				D47CD2642CCF58DF00E37F15 /* FirebaseRemoteConfig */,
				D47CD2662CCF58DF00E37F15 /* FirebaseStorage */,
				D47CD2682CCF58DF00E37F15 /* FirebaseStorageCombine-Community */,
				D47CD26A2CCF58DF00E37F15 /* FirebaseVertexAI */,
				D47CD2732CD0E68B00E37F15 /* SDWebImageSwiftUI */,
			);
			productName = ChattAppProject;
			productReference = D44A22262CBEDEF600E8D847 /* ChattAppProject.app */;
			productType = "com.apple.product-type.application";
		};
/* End PBXNativeTarget section */

/* Begin PBXProject section */
		D44A221E2CBEDEF600E8D847 /* Project object */ = {
			isa = PBXProject;
			attributes = {
				BuildIndependentTargetsInParallel = 1;
				LastSwiftUpdateCheck = 1540;
				LastUpgradeCheck = 1540;
				TargetAttributes = {
					D44A22252CBEDEF600E8D847 = {
						CreatedOnToolsVersion = 15.4;
					};
				};
			};
			buildConfigurationList = D44A22212CBEDEF600E8D847 /* Build configuration list for PBXProject "ChattAppProject" */;
			compatibilityVersion = "Xcode 14.0";
			developmentRegion = en;
			hasScannedForEncodings = 0;
			knownRegions = (
				en,
				Base,
			);
			mainGroup = D44A221D2CBEDEF600E8D847;
			packageReferences = (
				D47CD23B2CCF58DF00E37F15 /* XCRemoteSwiftPackageReference "firebase-ios-sdk" */,
				D47CD2722CD0E68B00E37F15 /* XCRemoteSwiftPackageReference "SDWebImageSwiftUI" */,
			);
			productRefGroup = D44A22272CBEDEF600E8D847 /* Products */;
			projectDirPath = "";
			projectRoot = "";
			targets = (
				D44A22252CBEDEF600E8D847 /* ChattAppProject */,
			);
		};
/* End PBXProject section */

/* Begin PBXResourcesBuildPhase section */
		D44A22242CBEDEF600E8D847 /* Resources */ = {
			isa = PBXResourcesBuildPhase;
			buildActionMask = 2147483647;
			files = (
				D44A22312CBEDEF900E8D847 /* Preview Assets.xcassets in Resources */,
				D44A22592CBFB92D00E8D847 /* GoogleService-Info.plist in Resources */,
				D44A222E2CBEDEF900E8D847 /* Assets.xcassets in Resources */,
			);
			runOnlyForDeploymentPostprocessing = 0;
		};
/* End PBXResourcesBuildPhase section */

/* Begin PBXSourcesBuildPhase section */
		D44A22222CBEDEF600E8D847 /* Sources */ = {
			isa = PBXSourcesBuildPhase;
			buildActionMask = 2147483647;
			files = (
				D44A222C2CBEDEF600E8D847 /* LoginView.swift in Sources */,
				D48CB9DA2CC66D4500EBA74C /* firebaseManager.swift in Sources */,
				D47CD2822CD7CB9F00E37F15 /* ChatLogView.swift in Sources */,
				D48CB9D52CC63CD400EBA74C /* ImagePicker.swift in Sources */,
				D47CD2792CD7875200E37F15 /* CreateNewMessageView.swift in Sources */,
				D47CD27E2CD78B7D00E37F15 /* ChatUser.swift in Sources */,
				D47CD2712CD0E57F00E37F15 /* MainMessageViewModel.swift in Sources */,
				D47CD2772CD1375000E37F15 /* AppDelegate.swift in Sources */,
				D44A222A2CBEDEF600E8D847 /* ChattAppProjectApp.swift in Sources */,
				D47CD27B2CD788A900E37F15 /* CreateNewMessageViewModel.swift in Sources */,
				D47CD2362CCF526100E37F15 /* MainMessagesView.swift in Sources */,
			);
			runOnlyForDeploymentPostprocessing = 0;
		};
/* End PBXSourcesBuildPhase section */

/* Begin XCBuildConfiguration section */
		D44A22322CBEDEF900E8D847 /* Debug */ = {
			isa = XCBuildConfiguration;
			buildSettings = {
				ALWAYS_SEARCH_USER_PATHS = NO;
				ASSETCATALOG_COMPILER_GENERATE_SWIFT_ASSET_SYMBOL_EXTENSIONS = YES;
				CLANG_ANALYZER_NONNULL = YES;
				CLANG_ANALYZER_NUMBER_OBJECT_CONVERSION = YES_AGGRESSIVE;
				CLANG_CXX_LANGUAGE_STANDARD = "gnu++20";
				CLANG_ENABLE_MODULES = YES;
				CLANG_ENABLE_OBJC_ARC = YES;
				CLANG_ENABLE_OBJC_WEAK = YES;
				CLANG_WARN_BLOCK_CAPTURE_AUTORELEASING = YES;
				CLANG_WARN_BOOL_CONVERSION = YES;
				CLANG_WARN_COMMA = YES;
				CLANG_WARN_CONSTANT_CONVERSION = YES;
				CLANG_WARN_DEPRECATED_OBJC_IMPLEMENTATIONS = YES;
				CLANG_WARN_DIRECT_OBJC_ISA_USAGE = YES_ERROR;
				CLANG_WARN_DOCUMENTATION_COMMENTS = YES;
				CLANG_WARN_EMPTY_BODY = YES;
				CLANG_WARN_ENUM_CONVERSION = YES;
				CLANG_WARN_INFINITE_RECURSION = YES;
				CLANG_WARN_INT_CONVERSION = YES;
				CLANG_WARN_NON_LITERAL_NULL_CONVERSION = YES;
				CLANG_WARN_OBJC_IMPLICIT_RETAIN_SELF = YES;
				CLANG_WARN_OBJC_LITERAL_CONVERSION = YES;
				CLANG_WARN_OBJC_ROOT_CLASS = YES_ERROR;
				CLANG_WARN_QUOTED_INCLUDE_IN_FRAMEWORK_HEADER = YES;
				CLANG_WARN_RANGE_LOOP_ANALYSIS = YES;
				CLANG_WARN_STRICT_PROTOTYPES = YES;
				CLANG_WARN_SUSPICIOUS_MOVE = YES;
				CLANG_WARN_UNGUARDED_AVAILABILITY = YES_AGGRESSIVE;
				CLANG_WARN_UNREACHABLE_CODE = YES;
				CLANG_WARN__DUPLICATE_METHOD_MATCH = YES;
				COPY_PHASE_STRIP = NO;
				DEBUG_INFORMATION_FORMAT = dwarf;
				ENABLE_STRICT_OBJC_MSGSEND = YES;
				ENABLE_TESTABILITY = YES;
				ENABLE_USER_SCRIPT_SANDBOXING = YES;
				GCC_C_LANGUAGE_STANDARD = gnu17;
				GCC_DYNAMIC_NO_PIC = NO;
				GCC_NO_COMMON_BLOCKS = YES;
				GCC_OPTIMIZATION_LEVEL = 0;
				GCC_PREPROCESSOR_DEFINITIONS = (
					"DEBUG=1",
					"$(inherited)",
				);
				GCC_WARN_64_TO_32_BIT_CONVERSION = YES;
				GCC_WARN_ABOUT_RETURN_TYPE = YES_ERROR;
				GCC_WARN_UNDECLARED_SELECTOR = YES;
				GCC_WARN_UNINITIALIZED_AUTOS = YES_AGGRESSIVE;
				GCC_WARN_UNUSED_FUNCTION = YES;
				GCC_WARN_UNUSED_VARIABLE = YES;
				IPHONEOS_DEPLOYMENT_TARGET = 17.5;
				LOCALIZATION_PREFERS_STRING_CATALOGS = YES;
				MTL_ENABLE_DEBUG_INFO = INCLUDE_SOURCE;
				MTL_FAST_MATH = YES;
				ONLY_ACTIVE_ARCH = YES;
				SDKROOT = iphoneos;
				SWIFT_ACTIVE_COMPILATION_CONDITIONS = "DEBUG $(inherited)";
				SWIFT_OPTIMIZATION_LEVEL = "-Onone";
			};
			name = Debug;
		};
		D44A22332CBEDEF900E8D847 /* Release */ = {
			isa = XCBuildConfiguration;
			buildSettings = {
				ALWAYS_SEARCH_USER_PATHS = NO;
				ASSETCATALOG_COMPILER_GENERATE_SWIFT_ASSET_SYMBOL_EXTENSIONS = YES;
				CLANG_ANALYZER_NONNULL = YES;
				CLANG_ANALYZER_NUMBER_OBJECT_CONVERSION = YES_AGGRESSIVE;
				CLANG_CXX_LANGUAGE_STANDARD = "gnu++20";
				CLANG_ENABLE_MODULES = YES;
				CLANG_ENABLE_OBJC_ARC = YES;
				CLANG_ENABLE_OBJC_WEAK = YES;
				CLANG_WARN_BLOCK_CAPTURE_AUTORELEASING = YES;
				CLANG_WARN_BOOL_CONVERSION = YES;
				CLANG_WARN_COMMA = YES;
				CLANG_WARN_CONSTANT_CONVERSION = YES;
				CLANG_WARN_DEPRECATED_OBJC_IMPLEMENTATIONS = YES;
				CLANG_WARN_DIRECT_OBJC_ISA_USAGE = YES_ERROR;
				CLANG_WARN_DOCUMENTATION_COMMENTS = YES;
				CLANG_WARN_EMPTY_BODY = YES;
				CLANG_WARN_ENUM_CONVERSION = YES;
				CLANG_WARN_INFINITE_RECURSION = YES;
				CLANG_WARN_INT_CONVERSION = YES;
				CLANG_WARN_NON_LITERAL_NULL_CONVERSION = YES;
				CLANG_WARN_OBJC_IMPLICIT_RETAIN_SELF = YES;
				CLANG_WARN_OBJC_LITERAL_CONVERSION = YES;
				CLANG_WARN_OBJC_ROOT_CLASS = YES_ERROR;
				CLANG_WARN_QUOTED_INCLUDE_IN_FRAMEWORK_HEADER = YES;
				CLANG_WARN_RANGE_LOOP_ANALYSIS = YES;
				CLANG_WARN_STRICT_PROTOTYPES = YES;
				CLANG_WARN_SUSPICIOUS_MOVE = YES;
				CLANG_WARN_UNGUARDED_AVAILABILITY = YES_AGGRESSIVE;
				CLANG_WARN_UNREACHABLE_CODE = YES;
				CLANG_WARN__DUPLICATE_METHOD_MATCH = YES;
				COPY_PHASE_STRIP = NO;
				DEBUG_INFORMATION_FORMAT = "dwarf-with-dsym";
				ENABLE_NS_ASSERTIONS = NO;
				ENABLE_STRICT_OBJC_MSGSEND = YES;
				ENABLE_USER_SCRIPT_SANDBOXING = YES;
				GCC_C_LANGUAGE_STANDARD = gnu17;
				GCC_NO_COMMON_BLOCKS = YES;
				GCC_WARN_64_TO_32_BIT_CONVERSION = YES;
				GCC_WARN_ABOUT_RETURN_TYPE = YES_ERROR;
				GCC_WARN_UNDECLARED_SELECTOR = YES;
				GCC_WARN_UNINITIALIZED_AUTOS = YES_AGGRESSIVE;
				GCC_WARN_UNUSED_FUNCTION = YES;
				GCC_WARN_UNUSED_VARIABLE = YES;
				IPHONEOS_DEPLOYMENT_TARGET = 17.5;
				LOCALIZATION_PREFERS_STRING_CATALOGS = YES;
				MTL_ENABLE_DEBUG_INFO = NO;
				MTL_FAST_MATH = YES;
				SDKROOT = iphoneos;
				SWIFT_COMPILATION_MODE = wholemodule;
				VALIDATE_PRODUCT = YES;
			};
			name = Release;
		};
		D44A22352CBEDEF900E8D847 /* Debug */ = {
			isa = XCBuildConfiguration;
			buildSettings = {
				ASSETCATALOG_COMPILER_APPICON_NAME = AppIcon;
				ASSETCATALOG_COMPILER_GLOBAL_ACCENT_COLOR_NAME = AccentColor;
				CODE_SIGN_STYLE = Automatic;
				CURRENT_PROJECT_VERSION = 1;
				DEVELOPMENT_ASSET_PATHS = "\"ChattAppProject/Preview Content\"";
				ENABLE_PREVIEWS = YES;
				GENERATE_INFOPLIST_FILE = YES;
				INFOPLIST_KEY_UIApplicationSceneManifest_Generation = YES;
				INFOPLIST_KEY_UIApplicationSupportsIndirectInputEvents = YES;
				INFOPLIST_KEY_UILaunchScreen_Generation = YES;
				INFOPLIST_KEY_UISupportedInterfaceOrientations_iPad = "UIInterfaceOrientationPortrait UIInterfaceOrientationPortraitUpsideDown UIInterfaceOrientationLandscapeLeft UIInterfaceOrientationLandscapeRight";
				INFOPLIST_KEY_UISupportedInterfaceOrientations_iPhone = "UIInterfaceOrientationPortrait UIInterfaceOrientationLandscapeLeft UIInterfaceOrientationLandscapeRight";
				LD_RUNPATH_SEARCH_PATHS = (
					"$(inherited)",
					"@executable_path/Frameworks",
				);
				MARKETING_VERSION = 1.0;
				PRODUCT_BUNDLE_IDENTIFIER = com.jacqueline.ChattAppProject;
				PRODUCT_NAME = "$(TARGET_NAME)";
				SWIFT_EMIT_LOC_STRINGS = YES;
				SWIFT_VERSION = 5.0;
				TARGETED_DEVICE_FAMILY = "1,2";
			};
			name = Debug;
		};
		D44A22362CBEDEF900E8D847 /* Release */ = {
			isa = XCBuildConfiguration;
			buildSettings = {
				ASSETCATALOG_COMPILER_APPICON_NAME = AppIcon;
				ASSETCATALOG_COMPILER_GLOBAL_ACCENT_COLOR_NAME = AccentColor;
				CODE_SIGN_STYLE = Automatic;
				CURRENT_PROJECT_VERSION = 1;
				DEVELOPMENT_ASSET_PATHS = "\"ChattAppProject/Preview Content\"";
				ENABLE_PREVIEWS = YES;
				GENERATE_INFOPLIST_FILE = YES;
				INFOPLIST_KEY_UIApplicationSceneManifest_Generation = YES;
				INFOPLIST_KEY_UIApplicationSupportsIndirectInputEvents = YES;
				INFOPLIST_KEY_UILaunchScreen_Generation = YES;
				INFOPLIST_KEY_UISupportedInterfaceOrientations_iPad = "UIInterfaceOrientationPortrait UIInterfaceOrientationPortraitUpsideDown UIInterfaceOrientationLandscapeLeft UIInterfaceOrientationLandscapeRight";
				INFOPLIST_KEY_UISupportedInterfaceOrientations_iPhone = "UIInterfaceOrientationPortrait UIInterfaceOrientationLandscapeLeft UIInterfaceOrientationLandscapeRight";
				LD_RUNPATH_SEARCH_PATHS = (
					"$(inherited)",
					"@executable_path/Frameworks",
				);
				MARKETING_VERSION = 1.0;
				PRODUCT_BUNDLE_IDENTIFIER = com.jacqueline.ChattAppProject;
				PRODUCT_NAME = "$(TARGET_NAME)";
				SWIFT_EMIT_LOC_STRINGS = YES;
				SWIFT_VERSION = 5.0;
				TARGETED_DEVICE_FAMILY = "1,2";
			};
			name = Release;
		};
/* End XCBuildConfiguration section */

/* Begin XCConfigurationList section */
		D44A22212CBEDEF600E8D847 /* Build configuration list for PBXProject "ChattAppProject" */ = {
			isa = XCConfigurationList;
			buildConfigurations = (
				D44A22322CBEDEF900E8D847 /* Debug */,
				D44A22332CBEDEF900E8D847 /* Release */,
			);
			defaultConfigurationIsVisible = 0;
			defaultConfigurationName = Release;
		};
		D44A22342CBEDEF900E8D847 /* Build configuration list for PBXNativeTarget "ChattAppProject" */ = {
			isa = XCConfigurationList;
			buildConfigurations = (
				D44A22352CBEDEF900E8D847 /* Debug */,
				D44A22362CBEDEF900E8D847 /* Release */,
			);
			defaultConfigurationIsVisible = 0;
			defaultConfigurationName = Release;
		};
/* End XCConfigurationList section */

/* Begin XCRemoteSwiftPackageReference section */
		D47CD23B2CCF58DF00E37F15 /* XCRemoteSwiftPackageReference "firebase-ios-sdk" */ = {
			isa = XCRemoteSwiftPackageReference;
			repositoryURL = "https://github.com/firebase/firebase-ios-sdk.git";
			requirement = {
				kind = upToNextMajorVersion;
				minimumVersion = 11.4.0;
			};
		};
		D47CD2722CD0E68B00E37F15 /* XCRemoteSwiftPackageReference "SDWebImageSwiftUI" */ = {
			isa = XCRemoteSwiftPackageReference;
			repositoryURL = "https://github.com/SDWebImage/SDWebImageSwiftUI.git";
			requirement = {
				kind = upToNextMajorVersion;
				minimumVersion = 3.1.2;
			};
		};
/* End XCRemoteSwiftPackageReference section */

/* Begin XCSwiftPackageProductDependency section */
		D47CD23C2CCF58DF00E37F15 /* FirebaseAnalytics */ = {
			isa = XCSwiftPackageProductDependency;
			package = D47CD23B2CCF58DF00E37F15 /* XCRemoteSwiftPackageReference "firebase-ios-sdk" */;
			productName = FirebaseAnalytics;
		};
		D47CD23E2CCF58DF00E37F15 /* FirebaseAnalyticsOnDeviceConversion */ = {
			isa = XCSwiftPackageProductDependency;
			package = D47CD23B2CCF58DF00E37F15 /* XCRemoteSwiftPackageReference "firebase-ios-sdk" */;
			productName = FirebaseAnalyticsOnDeviceConversion;
		};
		D47CD2402CCF58DF00E37F15 /* FirebaseAnalyticsWithoutAdIdSupport */ = {
			isa = XCSwiftPackageProductDependency;
			package = D47CD23B2CCF58DF00E37F15 /* XCRemoteSwiftPackageReference "firebase-ios-sdk" */;
			productName = FirebaseAnalyticsWithoutAdIdSupport;
		};
		D47CD2422CCF58DF00E37F15 /* FirebaseAppCheck */ = {
			isa = XCSwiftPackageProductDependency;
			package = D47CD23B2CCF58DF00E37F15 /* XCRemoteSwiftPackageReference "firebase-ios-sdk" */;
			productName = FirebaseAppCheck;
		};
		D47CD2442CCF58DF00E37F15 /* FirebaseAppDistribution-Beta */ = {
			isa = XCSwiftPackageProductDependency;
			package = D47CD23B2CCF58DF00E37F15 /* XCRemoteSwiftPackageReference "firebase-ios-sdk" */;
			productName = "FirebaseAppDistribution-Beta";
		};
		D47CD2462CCF58DF00E37F15 /* FirebaseAuth */ = {
			isa = XCSwiftPackageProductDependency;
			package = D47CD23B2CCF58DF00E37F15 /* XCRemoteSwiftPackageReference "firebase-ios-sdk" */;
			productName = FirebaseAuth;
		};
		D47CD2482CCF58DF00E37F15 /* FirebaseAuthCombine-Community */ = {
			isa = XCSwiftPackageProductDependency;
			package = D47CD23B2CCF58DF00E37F15 /* XCRemoteSwiftPackageReference "firebase-ios-sdk" */;
			productName = "FirebaseAuthCombine-Community";
		};
		D47CD24A2CCF58DF00E37F15 /* FirebaseCore */ = {
			isa = XCSwiftPackageProductDependency;
			package = D47CD23B2CCF58DF00E37F15 /* XCRemoteSwiftPackageReference "firebase-ios-sdk" */;
			productName = FirebaseCore;
		};
		D47CD24C2CCF58DF00E37F15 /* FirebaseCrashlytics */ = {
			isa = XCSwiftPackageProductDependency;
			package = D47CD23B2CCF58DF00E37F15 /* XCRemoteSwiftPackageReference "firebase-ios-sdk" */;
			productName = FirebaseCrashlytics;
		};
		D47CD24E2CCF58DF00E37F15 /* FirebaseDatabase */ = {
			isa = XCSwiftPackageProductDependency;
			package = D47CD23B2CCF58DF00E37F15 /* XCRemoteSwiftPackageReference "firebase-ios-sdk" */;
			productName = FirebaseDatabase;
		};
		D47CD2502CCF58DF00E37F15 /* FirebaseDynamicLinks */ = {
			isa = XCSwiftPackageProductDependency;
			package = D47CD23B2CCF58DF00E37F15 /* XCRemoteSwiftPackageReference "firebase-ios-sdk" */;
			productName = FirebaseDynamicLinks;
		};
		D47CD2522CCF58DF00E37F15 /* FirebaseFirestore */ = {
			isa = XCSwiftPackageProductDependency;
			package = D47CD23B2CCF58DF00E37F15 /* XCRemoteSwiftPackageReference "firebase-ios-sdk" */;
			productName = FirebaseFirestore;
		};
		D47CD2542CCF58DF00E37F15 /* FirebaseFirestoreCombine-Community */ = {
			isa = XCSwiftPackageProductDependency;
			package = D47CD23B2CCF58DF00E37F15 /* XCRemoteSwiftPackageReference "firebase-ios-sdk" */;
			productName = "FirebaseFirestoreCombine-Community";
		};
		D47CD2562CCF58DF00E37F15 /* FirebaseFunctions */ = {
			isa = XCSwiftPackageProductDependency;
			package = D47CD23B2CCF58DF00E37F15 /* XCRemoteSwiftPackageReference "firebase-ios-sdk" */;
			productName = FirebaseFunctions;
		};
		D47CD2582CCF58DF00E37F15 /* FirebaseFunctionsCombine-Community */ = {
			isa = XCSwiftPackageProductDependency;
			package = D47CD23B2CCF58DF00E37F15 /* XCRemoteSwiftPackageReference "firebase-ios-sdk" */;
			productName = "FirebaseFunctionsCombine-Community";
		};
		D47CD25A2CCF58DF00E37F15 /* FirebaseInAppMessaging-Beta */ = {
			isa = XCSwiftPackageProductDependency;
			package = D47CD23B2CCF58DF00E37F15 /* XCRemoteSwiftPackageReference "firebase-ios-sdk" */;
			productName = "FirebaseInAppMessaging-Beta";
		};
		D47CD25C2CCF58DF00E37F15 /* FirebaseInstallations */ = {
			isa = XCSwiftPackageProductDependency;
			package = D47CD23B2CCF58DF00E37F15 /* XCRemoteSwiftPackageReference "firebase-ios-sdk" */;
			productName = FirebaseInstallations;
		};
		D47CD25E2CCF58DF00E37F15 /* FirebaseMLModelDownloader */ = {
			isa = XCSwiftPackageProductDependency;
			package = D47CD23B2CCF58DF00E37F15 /* XCRemoteSwiftPackageReference "firebase-ios-sdk" */;
			productName = FirebaseMLModelDownloader;
		};
		D47CD2602CCF58DF00E37F15 /* FirebaseMessaging */ = {
			isa = XCSwiftPackageProductDependency;
			package = D47CD23B2CCF58DF00E37F15 /* XCRemoteSwiftPackageReference "firebase-ios-sdk" */;
			productName = FirebaseMessaging;
		};
		D47CD2622CCF58DF00E37F15 /* FirebasePerformance */ = {
			isa = XCSwiftPackageProductDependency;
			package = D47CD23B2CCF58DF00E37F15 /* XCRemoteSwiftPackageReference "firebase-ios-sdk" */;
			productName = FirebasePerformance;
		};
		D47CD2642CCF58DF00E37F15 /* FirebaseRemoteConfig */ = {
			isa = XCSwiftPackageProductDependency;
			package = D47CD23B2CCF58DF00E37F15 /* XCRemoteSwiftPackageReference "firebase-ios-sdk" */;
			productName = FirebaseRemoteConfig;
		};
		D47CD2662CCF58DF00E37F15 /* FirebaseStorage */ = {
			isa = XCSwiftPackageProductDependency;
			package = D47CD23B2CCF58DF00E37F15 /* XCRemoteSwiftPackageReference "firebase-ios-sdk" */;
			productName = FirebaseStorage;
		};
		D47CD2682CCF58DF00E37F15 /* FirebaseStorageCombine-Community */ = {
			isa = XCSwiftPackageProductDependency;
			package = D47CD23B2CCF58DF00E37F15 /* XCRemoteSwiftPackageReference "firebase-ios-sdk" */;
			productName = "FirebaseStorageCombine-Community";
		};
		D47CD26A2CCF58DF00E37F15 /* FirebaseVertexAI */ = {
			isa = XCSwiftPackageProductDependency;
			package = D47CD23B2CCF58DF00E37F15 /* XCRemoteSwiftPackageReference "firebase-ios-sdk" */;
			productName = FirebaseVertexAI;
		};
		D47CD2732CD0E68B00E37F15 /* SDWebImageSwiftUI */ = {
			isa = XCSwiftPackageProductDependency;
			package = D47CD2722CD0E68B00E37F15 /* XCRemoteSwiftPackageReference "SDWebImageSwiftUI" */;
			productName = SDWebImageSwiftUI;
		};
/* End XCSwiftPackageProductDependency section */
	};
	rootObject = D44A221E2CBEDEF600E8D847 /* Project object */;
}
